Microsoft Visual Studio Solution File, Format Version 12.00
# Visual Studio 14
VisualStudioVersion = 14.0.25420.1
MinimumVisualStudioVersion = 10.0.40219.1
Project("{8BC9CEB8-8B4A-11D0-8D11-00A0C91BC942}") = "Detour", "dep\recastnavigation\Detour\Detour.vcxproj", "{665F6834-E366-3450-B329-2BFEA2698A0F}"
	ProjectSection(ProjectDependencies) = postProject
		{6774D45D-EF2E-3075-8729-3BFAB4A86F3F} = {6774D45D-EF2E-3075-8729-3BFAB4A86F3F}
	EndProjectSection
EndProject
Project("{8BC9CEB8-8B4A-11D0-8D11-00A0C91BC942}") = "INSTALL", "INSTALL.vcxproj", "{7BC0AD27-B882-32C9-BF07-1372F99F5967}"
EndProject
Project("{8BC9CEB8-8B4A-11D0-8D11-00A0C91BC942}") = "Recast", "dep\recastnavigation\Recast\Recast.vcxproj", "{0D1D421D-9709-3DF5-BEF2-5D31F3AF56D7}"
	ProjectSection(ProjectDependencies) = postProject
		{6774D45D-EF2E-3075-8729-3BFAB4A86F3F} = {6774D45D-EF2E-3075-8729-3BFAB4A86F3F}
	EndProjectSection
EndProject
Project("{8BC9CEB8-8B4A-11D0-8D11-00A0C91BC942}") = "ace", "dep\acelite\ace\ace.vcxproj", "{6855B3AF-CB00-3F56-AAD4-ED07DBC642B5}"
EndProject
Project("{8BC9CEB8-8B4A-11D0-8D11-00A0C91BC942}") = "authserver", "src\server\authserver\authserver.vcxproj", "{A866539C-615B-367B-9C39-9E214E2D0602}"
	ProjectSection(ProjectDependencies) = postProject
		{6855B3AF-CB00-3F56-AAD4-ED07DBC642B5} = {6855B3AF-CB00-3F56-AAD4-ED07DBC642B5}
		{83F637AE-65EE-38FC-AF12-99E9DBF3FFAA} = {83F637AE-65EE-38FC-AF12-99E9DBF3FFAA}
		{6370808F-0B27-3A16-9048-C8697DCFEBC4} = {6370808F-0B27-3A16-9048-C8697DCFEBC4}
	EndProjectSection
EndProject
Project("{8BC9CEB8-8B4A-11D0-8D11-00A0C91BC942}") = "collision", "src\server\collision\collision.vcxproj", "{9CAC38B8-7E5B-37CC-AE12-12D30D5831ED}"
	ProjectSection(ProjectDependencies) = postProject
		{6855B3AF-CB00-3F56-AAD4-ED07DBC642B5} = {6855B3AF-CB00-3F56-AAD4-ED07DBC642B5}
		{6370808F-0B27-3A16-9048-C8697DCFEBC4} = {6370808F-0B27-3A16-9048-C8697DCFEBC4}
	EndProjectSection
EndProject
Project("{8BC9CEB8-8B4A-11D0-8D11-00A0C91BC942}") = "g3dlib", "dep\g3dlite\g3dlib.vcxproj", "{0A3709BE-DDA6-3A4D-87A5-282485F8A407}"
	ProjectSection(ProjectDependencies) = postProject
		{6774D45D-EF2E-3075-8729-3BFAB4A86F3F} = {6774D45D-EF2E-3075-8729-3BFAB4A86F3F}
	EndProjectSection
EndProject
Project("{8BC9CEB8-8B4A-11D0-8D11-00A0C91BC942}") = "game", "src\server\game\game.vcxproj", "{B532264A-ADB4-30B3-90DA-7A312E4BBF1A}"
	ProjectSection(ProjectDependencies) = postProject
		{83F637AE-65EE-38FC-AF12-99E9DBF3FFAA} = {83F637AE-65EE-38FC-AF12-99E9DBF3FFAA}
	EndProjectSection
EndProject
Project("{8BC9CEB8-8B4A-11D0-8D11-00A0C91BC942}") = "gsoap", "dep\gsoap\gsoap.vcxproj", "{B8DA6D9F-DE01-3EAC-9BF4-FEEF07AC8E08}"
EndProject
Project("{8BC9CEB8-8B4A-11D0-8D11-00A0C91BC942}") = "revision.h", "src\genrev\revision.h.vcxproj", "{83F637AE-65EE-38FC-AF12-99E9DBF3FFAA}"
EndProject
Project("{8BC9CEB8-8B4A-11D0-8D11-00A0C91BC942}") = "scripts", "src\server\scripts\scripts.vcxproj", "{42CD012D-8C60-38AA-ACCA-1F87579BBBE0}"
	ProjectSection(ProjectDependencies) = postProject
		{83F637AE-65EE-38FC-AF12-99E9DBF3FFAA} = {83F637AE-65EE-38FC-AF12-99E9DBF3FFAA}
	EndProjectSection
EndProject
Project("{8BC9CEB8-8B4A-11D0-8D11-00A0C91BC942}") = "shared", "src\server\shared\shared.vcxproj", "{6370808F-0B27-3A16-9048-C8697DCFEBC4}"
	ProjectSection(ProjectDependencies) = postProject
		{6855B3AF-CB00-3F56-AAD4-ED07DBC642B5} = {6855B3AF-CB00-3F56-AAD4-ED07DBC642B5}
	EndProjectSection
EndProject
Project("{8BC9CEB8-8B4A-11D0-8D11-00A0C91BC942}") = "worldserver", "src\server\worldserver\worldserver.vcxproj", "{4EBC0B42-73BE-3888-971A-AD8BA16B772B}"
	ProjectSection(ProjectDependencies) = postProject
		{665F6834-E366-3450-B329-2BFEA2698A0F} = {665F6834-E366-3450-B329-2BFEA2698A0F}
		{6855B3AF-CB00-3F56-AAD4-ED07DBC642B5} = {6855B3AF-CB00-3F56-AAD4-ED07DBC642B5}
		{9CAC38B8-7E5B-37CC-AE12-12D30D5831ED} = {9CAC38B8-7E5B-37CC-AE12-12D30D5831ED}
		{0A3709BE-DDA6-3A4D-87A5-282485F8A407} = {0A3709BE-DDA6-3A4D-87A5-282485F8A407}
		{B532264A-ADB4-30B3-90DA-7A312E4BBF1A} = {B532264A-ADB4-30B3-90DA-7A312E4BBF1A}
		{B8DA6D9F-DE01-3EAC-9BF4-FEEF07AC8E08} = {B8DA6D9F-DE01-3EAC-9BF4-FEEF07AC8E08}
		{83F637AE-65EE-38FC-AF12-99E9DBF3FFAA} = {83F637AE-65EE-38FC-AF12-99E9DBF3FFAA}
		{42CD012D-8C60-38AA-ACCA-1F87579BBBE0} = {42CD012D-8C60-38AA-ACCA-1F87579BBBE0}
		{6370808F-0B27-3A16-9048-C8697DCFEBC4} = {6370808F-0B27-3A16-9048-C8697DCFEBC4}
		{6774D45D-EF2E-3075-8729-3BFAB4A86F3F} = {6774D45D-EF2E-3075-8729-3BFAB4A86F3F}
	EndProjectSection
EndProject
Project("{8BC9CEB8-8B4A-11D0-8D11-00A0C91BC942}") = "zlib", "dep\zlib\zlib.vcxproj", "{6774D45D-EF2E-3075-8729-3BFAB4A86F3F}"
EndProject
Global
	GlobalSection(SolutionConfigurationPlatforms) = preSolution
		Debug|x64 = Debug|x64
		Release|x64 = Release|x64
	EndGlobalSection
	GlobalSection(ProjectConfigurationPlatforms) = postSolution
		{665F6834-E366-3450-B329-2BFEA2698A0F}.Debug|x64.ActiveCfg = Debug|x64
		{665F6834-E366-3450-B329-2BFEA2698A0F}.Debug|x64.Build.0 = Debug|x64
		{665F6834-E366-3450-B329-2BFEA2698A0F}.Release|x64.ActiveCfg = Release|x64
		{665F6834-E366-3450-B329-2BFEA2698A0F}.Release|x64.Build.0 = Release|x64
		{7BC0AD27-B882-32C9-BF07-1372F99F5967}.Debug|x64.ActiveCfg = Debug|x64
		{7BC0AD27-B882-32C9-BF07-1372F99F5967}.Release|x64.ActiveCfg = Release|x64
		{0D1D421D-9709-3DF5-BEF2-5D31F3AF56D7}.Debug|x64.ActiveCfg = Debug|x64
		{0D1D421D-9709-3DF5-BEF2-5D31F3AF56D7}.Debug|x64.Build.0 = Debug|x64
		{0D1D421D-9709-3DF5-BEF2-5D31F3AF56D7}.Release|x64.ActiveCfg = Release|x64
		{0D1D421D-9709-3DF5-BEF2-5D31F3AF56D7}.Release|x64.Build.0 = Release|x64
		{6855B3AF-CB00-3F56-AAD4-ED07DBC642B5}.Debug|x64.ActiveCfg = Debug|x64
		{6855B3AF-CB00-3F56-AAD4-ED07DBC642B5}.Debug|x64.Build.0 = Debug|x64
		{6855B3AF-CB00-3F56-AAD4-ED07DBC642B5}.Release|x64.ActiveCfg = Release|x64
		{6855B3AF-CB00-3F56-AAD4-ED07DBC642B5}.Release|x64.Build.0 = Release|x64
		{A866539C-615B-367B-9C39-9E214E2D0602}.Debug|x64.ActiveCfg = Debug|x64
		{A866539C-615B-367B-9C39-9E214E2D0602}.Debug|x64.Build.0 = Debug|x64
		{A866539C-615B-367B-9C39-9E214E2D0602}.Release|x64.ActiveCfg = Release|x64
		{A866539C-615B-367B-9C39-9E214E2D0602}.Release|x64.Build.0 = Release|x64
		{9CAC38B8-7E5B-37CC-AE12-12D30D5831ED}.Debug|x64.ActiveCfg = Debug|x64
		{9CAC38B8-7E5B-37CC-AE12-12D30D5831ED}.Debug|x64.Build.0 = Debug|x64
		{9CAC38B8-7E5B-37CC-AE12-12D30D5831ED}.Release|x64.ActiveCfg = Release|x64
		{9CAC38B8-7E5B-37CC-AE12-12D30D5831ED}.Release|x64.Build.0 = Release|x64
		{0A3709BE-DDA6-3A4D-87A5-282485F8A407}.Debug|x64.ActiveCfg = Debug|x64
		{0A3709BE-DDA6-3A4D-87A5-282485F8A407}.Debug|x64.Build.0 = Debug|x64
		{0A3709BE-DDA6-3A4D-87A5-282485F8A407}.Release|x64.ActiveCfg = Release|x64
		{0A3709BE-DDA6-3A4D-87A5-282485F8A407}.Release|x64.Build.0 = Release|x64
		{B532264A-ADB4-30B3-90DA-7A312E4BBF1A}.Debug|x64.ActiveCfg = Debug|x64
		{B532264A-ADB4-30B3-90DA-7A312E4BBF1A}.Debug|x64.Build.0 = Debug|x64
		{B532264A-ADB4-30B3-90DA-7A312E4BBF1A}.Release|x64.ActiveCfg = Release|x64
		{B532264A-ADB4-30B3-90DA-7A312E4BBF1A}.Release|x64.Build.0 = Release|x64
		{B8DA6D9F-DE01-3EAC-9BF4-FEEF07AC8E08}.Debug|x64.ActiveCfg = Debug|x64
		{B8DA6D9F-DE01-3EAC-9BF4-FEEF07AC8E08}.Debug|x64.Build.0 = Debug|x64
		{B8DA6D9F-DE01-3EAC-9BF4-FEEF07AC8E08}.Release|x64.ActiveCfg = Release|x64
		{B8DA6D9F-DE01-3EAC-9BF4-FEEF07AC8E08}.Release|x64.Build.0 = Release|x64
		{83F637AE-65EE-38FC-AF12-99E9DBF3FFAA}.Debug|x64.ActiveCfg = Debug|x64
		{83F637AE-65EE-38FC-AF12-99E9DBF3FFAA}.Debug|x64.Build.0 = Debug|x64
		{83F637AE-65EE-38FC-AF12-99E9DBF3FFAA}.Release|x64.ActiveCfg = Release|x64
		{83F637AE-65EE-38FC-AF12-99E9DBF3FFAA}.Release|x64.Build.0 = Release|x64
		{42CD012D-8C60-38AA-ACCA-1F87579BBBE0}.Debug|x64.ActiveCfg = Debug|x64
		{42CD012D-8C60-38AA-ACCA-1F87579BBBE0}.Debug|x64.Build.0 = Debug|x64
		{42CD012D-8C60-38AA-ACCA-1F87579BBBE0}.Release|x64.ActiveCfg = Release|x64
		{42CD012D-8C60-38AA-ACCA-1F87579BBBE0}.Release|x64.Build.0 = Release|x64
		{6370808F-0B27-3A16-9048-C8697DCFEBC4}.Debug|x64.ActiveCfg = Debug|x64
		{6370808F-0B27-3A16-9048-C8697DCFEBC4}.Debug|x64.Build.0 = Debug|x64
		{6370808F-0B27-3A16-9048-C8697DCFEBC4}.Release|x64.ActiveCfg = Release|x64
		{6370808F-0B27-3A16-9048-C8697DCFEBC4}.Release|x64.Build.0 = Release|x64
		{4EBC0B42-73BE-3888-971A-AD8BA16B772B}.Debug|x64.ActiveCfg = Debug|x64
		{4EBC0B42-73BE-3888-971A-AD8BA16B772B}.Debug|x64.Build.0 = Debug|x64
		{4EBC0B42-73BE-3888-971A-AD8BA16B772B}.Release|x64.ActiveCfg = Release|x64
		{4EBC0B42-73BE-3888-971A-AD8BA16B772B}.Release|x64.Build.0 = Release|x64
		{6774D45D-EF2E-3075-8729-3BFAB4A86F3F}.Debug|x64.ActiveCfg = Debug|x64
		{6774D45D-EF2E-3075-8729-3BFAB4A86F3F}.Debug|x64.Build.0 = Debug|x64
		{6774D45D-EF2E-3075-8729-3BFAB4A86F3F}.Release|x64.ActiveCfg = Release|x64
		{6774D45D-EF2E-3075-8729-3BFAB4A86F3F}.Release|x64.Build.0 = Release|x64
	EndGlobalSection
	GlobalSection(SolutionProperties) = preSolution
		HideSolutionNode = FALSE
	EndGlobalSection
	GlobalSection(ExtensibilityGlobals) = postSolution
		SolutionGuid = {147864A0-E085-3FE2-85F9-08A741237FD0}
	EndGlobalSection
EndGlobal
